{
  "name": "nodejs",
  "version": "1.0.0",
  "lockfileVersion": 3,
  "requires": true,
  "packages": {
    "": {
      "name": "nodejs",
      "version": "1.0.0",
      "license": "ISC",
      "dependencies": {
        "child-process-worker-pool": "^0.0.2",
        "lightning-pool": "^4.2.2"
      }
    },
    "node_modules/child-process-worker-pool": {
      "version": "0.0.2",
      "resolved": "https://registry.npmjs.org/child-process-worker-pool/-/child-process-worker-pool-0.0.2.tgz",
      "integrity": "sha512-q33hkgo517i4x4WFjIpSH/Wyw4S2QXMqrwS7dGd1sYokr/Jq+L6EYec5RTlkSYEcFFCk/TkNl+2g7qvnfnsolg==",
      "engines": {
        "node": "20"
      }
    },
    "node_modules/doublylinked": {
      "version": "2.5.4",
      "resolved": "https://registry.npmjs.org/doublylinked/-/doublylinked-2.5.4.tgz",
      "integrity": "sha512-jBCKDnFkEHJRjQvYEl5N9VngRV8ypHgw6a52OK4VN57eV2r2rYvgOx9uABdY78INNoW7S6auULp+KBVm/jfYqw==",
      "engines": {
        "node": ">= 10.0"
      }
    },
    "node_modules/lightning-pool": {
      "version": "4.2.2",
      "resolved": "https://registry.npmjs.org/lightning-pool/-/lightning-pool-4.2.2.tgz",
      "integrity": "sha512-KW0Df0IbjNLxy5wAsdErTKYtHGwefLRQseHNksEctyaL7gtRwJT0nqLa2uiRdNYDwKSnZtqOjSjUNtfxmfH1qw==",
      "dependencies": {
        "doublylinked": "^2.5.3",
        "putil-promisify": "^1.10.1"
      }
    },
    "node_modules/putil-promisify": {
      "version": "1.10.1",
      "resolved": "https://registry.npmjs.org/putil-promisify/-/putil-promisify-1.10.1.tgz",
      "integrity": "sha512-1jm0egJNrj5eBDRj15Cg08RNHDV91OVEHeeYjAFRcs663PXxFokndxcJAGbaO6CSErCTp8eTgC8vuOF+fvXIAA==",
      "engines": {
        "node": ">= 14.0"
      }
    }
  }
}
